
Microsoft Visual Studio Solution File, Format Version 12.00
# Visual Studio Version 16
VisualStudioVersion = 16.0.29418.71
MinimumVisualStudioVersion = 10.0.40219.1
Project("{9A19103F-16F7-4668-BE54-9A1E7A4F7556}") = "Airballs.API", "Airballs.API\Airballs.API.csproj", "{8DC0075E-05D2-4CAF-84FD-2ED210D23B6D}"
EndProject
Project("{E24C65DC-7377-472B-9ABA-BC803B73C61A}") = "Airballoons", "Airballoons\", "{B0EC8BE3-7DF9-4C6F-B308-EA7ABB4DCF9A}"
	ProjectSection(WebsiteProperties) = preProject
		TargetFrameworkMoniker = ".NETFramework,Version%3Dv4.0"
		Debug.AspNetCompiler.VirtualPath = "/localhost_60559"
		Debug.AspNetCompiler.PhysicalPath = "Airballoons\"
		Debug.AspNetCompiler.TargetPath = "PrecompiledWeb\localhost_60559\"
		Debug.AspNetCompiler.Updateable = "true"
		Debug.AspNetCompiler.ForceOverwrite = "true"
		Debug.AspNetCompiler.FixedNames = "false"
		Debug.AspNetCompiler.Debug = "True"
		Release.AspNetCompiler.VirtualPath = "/localhost_60559"
		Release.AspNetCompiler.PhysicalPath = "Airballoons\"
		Release.AspNetCompiler.TargetPath = "PrecompiledWeb\localhost_60559\"
		Release.AspNetCompiler.Updateable = "true"
		Release.AspNetCompiler.ForceOverwrite = "true"
		Release.AspNetCompiler.FixedNames = "false"
		Release.AspNetCompiler.Debug = "False"
		VWDPort = "60559"
		SlnRelativePath = "Airballoons\"
	EndProjectSection
EndProject
Global
	GlobalSection(SolutionConfigurationPlatforms) = preSolution
		Debug|Any CPU = Debug|Any CPU
		Release|Any CPU = Release|Any CPU
	EndGlobalSection
	GlobalSection(ProjectConfigurationPlatforms) = postSolution
		{8DC0075E-05D2-4CAF-84FD-2ED210D23B6D}.Debug|Any CPU.ActiveCfg = Debug|Any CPU
		{8DC0075E-05D2-4CAF-84FD-2ED210D23B6D}.Debug|Any CPU.Build.0 = Debug|Any CPU
		{8DC0075E-05D2-4CAF-84FD-2ED210D23B6D}.Release|Any CPU.ActiveCfg = Release|Any CPU
		{8DC0075E-05D2-4CAF-84FD-2ED210D23B6D}.Release|Any CPU.Build.0 = Release|Any CPU
		{B0EC8BE3-7DF9-4C6F-B308-EA7ABB4DCF9A}.Debug|Any CPU.ActiveCfg = Debug|Any CPU
		{B0EC8BE3-7DF9-4C6F-B308-EA7ABB4DCF9A}.Debug|Any CPU.Build.0 = Debug|Any CPU
		{B0EC8BE3-7DF9-4C6F-B308-EA7ABB4DCF9A}.Release|Any CPU.ActiveCfg = Debug|Any CPU
		{B0EC8BE3-7DF9-4C6F-B308-EA7ABB4DCF9A}.Release|Any CPU.Build.0 = Debug|Any CPU
	EndGlobalSection
	GlobalSection(SolutionProperties) = preSolution
		HideSolutionNode = FALSE
	EndGlobalSection
	GlobalSection(ExtensibilityGlobals) = postSolution
		SolutionGuid = {B5E38085-23F6-484F-A9DF-0EB9C77F135B}
	EndGlobalSection
EndGlobal
